
Microsoft Visual Studio Solution File, Format Version 12.00
# Visual Studio Version 17
VisualStudioVersion = 17.2.32630.192
MinimumVisualStudioVersion = 10.0.40219.1
Project("{FAE04EC0-301F-11D3-BF4B-00C04F79EFBC}") = "Скрипт  Подброс монетки ____  Script  Coin Toss (.Net 6.0)", "Скрипт  Подброс монетки ____  Script  Coin Toss (.Net 6.0).csproj", "{EF8EF734-A7B1-4CB6-892E-473644F29A51}"
EndProject
Global
	GlobalSection(SolutionConfigurationPlatforms) = preSolution
		Debug|Any CPU = Debug|Any CPU
		Release|Any CPU = Release|Any CPU
	EndGlobalSection
	GlobalSection(ProjectConfigurationPlatforms) = postSolution
		{EF8EF734-A7B1-4CB6-892E-473644F29A51}.Debug|Any CPU.ActiveCfg = Debug|Any CPU
		{EF8EF734-A7B1-4CB6-892E-473644F29A51}.Debug|Any CPU.Build.0 = Debug|Any CPU
		{EF8EF734-A7B1-4CB6-892E-473644F29A51}.Release|Any CPU.ActiveCfg = Release|Any CPU
		{EF8EF734-A7B1-4CB6-892E-473644F29A51}.Release|Any CPU.Build.0 = Release|Any CPU
	EndGlobalSection
	GlobalSection(SolutionProperties) = preSolution
		HideSolutionNode = FALSE
	EndGlobalSection
	GlobalSection(ExtensibilityGlobals) = postSolution
		SolutionGuid = {4C956C9F-69B6-4449-97DD-B9196B392EED}
	EndGlobalSection
EndGlobal
